
Microsoft Visual Studio Solution File, Format Version 12.00
# Visual Studio Version 17
VisualStudioVersion = 17.5.002.0
MinimumVisualStudioVersion = 10.0.40219.1
Project("{9A19103F-16F7-4668-BE54-9A1E7A4F7556}") = "Shortener", "Shortener\Shortener.csproj", "{E6F291B2-C922-431B-92ED-52427A88C344}"
EndProject
Project("{FAE04EC0-301F-11D3-BF4B-00C04F79EFBC}") = "Shorten.Data", "Shorten.Data\Shorten.Data.csproj", "{10A3D727-9803-4ABE-BFC5-4249B5618542}"
EndProject
Global
	GlobalSection(SolutionConfigurationPlatforms) = preSolution
		Debug|Any CPU = Debug|Any CPU
		Release|Any CPU = Release|Any CPU
	EndGlobalSection
	GlobalSection(ProjectConfigurationPlatforms) = postSolution
		{E6F291B2-C922-431B-92ED-52427A88C344}.Debug|Any CPU.ActiveCfg = Debug|Any CPU
		{E6F291B2-C922-431B-92ED-52427A88C344}.Debug|Any CPU.Build.0 = Debug|Any CPU
		{E6F291B2-C922-431B-92ED-52427A88C344}.Release|Any CPU.ActiveCfg = Release|Any CPU
		{E6F291B2-C922-431B-92ED-52427A88C344}.Release|Any CPU.Build.0 = Release|Any CPU
		{10A3D727-9803-4ABE-BFC5-4249B5618542}.Debug|Any CPU.ActiveCfg = Debug|Any CPU
		{10A3D727-9803-4ABE-BFC5-4249B5618542}.Debug|Any CPU.Build.0 = Debug|Any CPU
		{10A3D727-9803-4ABE-BFC5-4249B5618542}.Release|Any CPU.ActiveCfg = Release|Any CPU
		{10A3D727-9803-4ABE-BFC5-4249B5618542}.Release|Any CPU.Build.0 = Release|Any CPU
	EndGlobalSection
	GlobalSection(SolutionProperties) = preSolution
		HideSolutionNode = FALSE
	EndGlobalSection
	GlobalSection(ExtensibilityGlobals) = postSolution
		SolutionGuid = {CB3D03C6-97EA-4BA5-8B9A-0068AD82E5CB}
	EndGlobalSection
EndGlobal
